
Microsoft Visual Studio Solution File, Format Version 12.00
# Visual Studio Version 16
VisualStudioVersion = 16.0.29403.142
MinimumVisualStudioVersion = 10.0.40219.1
Project("{9A19103F-16F7-4668-BE54-9A1E7A4F7556}") = "BmsManager.Tests", "BmsManager.Tests\BmsManager.Tests.csproj", "{FE0C1844-2390-4E64-9A85-5133690DFC40}"
EndProject
Project("{9A19103F-16F7-4668-BE54-9A1E7A4F7556}") = "BmsManager", "BmsManager\BmsManager.csproj", "{9119139A-3CF6-44B6-93B9-0D61F1E3A1F4}"
EndProject
Project("{9A19103F-16F7-4668-BE54-9A1E7A4F7556}") = "CommonLib.Wpf", "DotNetLibraries\CommonLib\CommonLib.Wpf\CommonLib.Wpf.csproj", "{54DC128A-B203-4A03-B693-0F1F72334F41}"
EndProject
Project("{9A19103F-16F7-4668-BE54-9A1E7A4F7556}") = "CommonLib", "DotNetLibraries\CommonLib\CommonLib\CommonLib.csproj", "{8FD10FD5-66B6-4653-AEC9-D45BED485C59}"
EndProject
Project("{2150E333-8FDC-42A3-9474-1A3956D46DE8}") = "Tests", "Tests", "{8B70D3AF-6EE1-42BF-81C6-19920A328460}"
EndProject
Project("{9A19103F-16F7-4668-BE54-9A1E7A4F7556}") = "CommonLib.TestHelper", "DotNetLibraries\CommonLib\CommonLib.TestHelper\CommonLib.TestHelper.csproj", "{ED727B8D-A8EC-4624-A0A8-60E6246AC031}"
EndProject
Project("{2150E333-8FDC-42A3-9474-1A3956D46DE8}") = "Solution Items", "Solution Items", "{A39B8F30-5FE0-4971-BA11-6E4D22167EDB}"
	ProjectSection(SolutionItems) = preProject
		.editorconfig = .editorconfig
	EndProjectSection
EndProject
Global
	GlobalSection(SolutionConfigurationPlatforms) = preSolution
		Debug|Any CPU = Debug|Any CPU
		Release|Any CPU = Release|Any CPU
	EndGlobalSection
	GlobalSection(ProjectConfigurationPlatforms) = postSolution
		{FE0C1844-2390-4E64-9A85-5133690DFC40}.Debug|Any CPU.ActiveCfg = Debug|Any CPU
		{FE0C1844-2390-4E64-9A85-5133690DFC40}.Debug|Any CPU.Build.0 = Debug|Any CPU
		{FE0C1844-2390-4E64-9A85-5133690DFC40}.Release|Any CPU.ActiveCfg = Release|Any CPU
		{FE0C1844-2390-4E64-9A85-5133690DFC40}.Release|Any CPU.Build.0 = Release|Any CPU
		{9119139A-3CF6-44B6-93B9-0D61F1E3A1F4}.Debug|Any CPU.ActiveCfg = Debug|Any CPU
		{9119139A-3CF6-44B6-93B9-0D61F1E3A1F4}.Debug|Any CPU.Build.0 = Debug|Any CPU
		{9119139A-3CF6-44B6-93B9-0D61F1E3A1F4}.Release|Any CPU.ActiveCfg = Release|Any CPU
		{9119139A-3CF6-44B6-93B9-0D61F1E3A1F4}.Release|Any CPU.Build.0 = Release|Any CPU
		{54DC128A-B203-4A03-B693-0F1F72334F41}.Debug|Any CPU.ActiveCfg = Debug|Any CPU
		{54DC128A-B203-4A03-B693-0F1F72334F41}.Debug|Any CPU.Build.0 = Debug|Any CPU
		{54DC128A-B203-4A03-B693-0F1F72334F41}.Release|Any CPU.ActiveCfg = Release|Any CPU
		{54DC128A-B203-4A03-B693-0F1F72334F41}.Release|Any CPU.Build.0 = Release|Any CPU
		{8FD10FD5-66B6-4653-AEC9-D45BED485C59}.Debug|Any CPU.ActiveCfg = Debug|Any CPU
		{8FD10FD5-66B6-4653-AEC9-D45BED485C59}.Debug|Any CPU.Build.0 = Debug|Any CPU
		{8FD10FD5-66B6-4653-AEC9-D45BED485C59}.Release|Any CPU.ActiveCfg = Release|Any CPU
		{8FD10FD5-66B6-4653-AEC9-D45BED485C59}.Release|Any CPU.Build.0 = Release|Any CPU
		{ED727B8D-A8EC-4624-A0A8-60E6246AC031}.Debug|Any CPU.ActiveCfg = Debug|Any CPU
		{ED727B8D-A8EC-4624-A0A8-60E6246AC031}.Debug|Any CPU.Build.0 = Debug|Any CPU
		{ED727B8D-A8EC-4624-A0A8-60E6246AC031}.Release|Any CPU.ActiveCfg = Release|Any CPU
		{ED727B8D-A8EC-4624-A0A8-60E6246AC031}.Release|Any CPU.Build.0 = Release|Any CPU
	EndGlobalSection
	GlobalSection(SolutionProperties) = preSolution
		HideSolutionNode = FALSE
	EndGlobalSection
	GlobalSection(NestedProjects) = preSolution
		{FE0C1844-2390-4E64-9A85-5133690DFC40} = {8B70D3AF-6EE1-42BF-81C6-19920A328460}
		{ED727B8D-A8EC-4624-A0A8-60E6246AC031} = {8B70D3AF-6EE1-42BF-81C6-19920A328460}
	EndGlobalSection
	GlobalSection(ExtensibilityGlobals) = postSolution
		SolutionGuid = {A56D43EC-0AD5-4E22-9C20-C97AB85883F9}
	EndGlobalSection
EndGlobal
